// !$*UTF8*$!
{
	archiveVersion = 1;
	classes = {
	};
	objectVersion = 51;
	objects = {

/* Begin PBXBuildFile section */
		0F2F17FC7E64BAEFAC6FA301 /* Pods_Klikdokter.framework in Frameworks */ = {isa = PBXBuildFile; fileRef = DC6CC9B0A222687B631D2CF0 /* Pods_Klikdokter.framework */; };
		370EAAFA27C7D38A0030D24D /* ProductViewController.swift in Sources */ = {isa = PBXBuildFile; fileRef = 370EAAF927C7D38A0030D24D /* ProductViewController.swift */; };
		37E6E42227C8766800F5BFD2 /* ProductHeaderView.swift in Sources */ = {isa = PBXBuildFile; fileRef = 37E6E42127C8766800F5BFD2 /* ProductHeaderView.swift */; };
		37E6E42427C8767700F5BFD2 /* ProductHeaderView.xib in Resources */ = {isa = PBXBuildFile; fileRef = 37E6E42327C8767700F5BFD2 /* ProductHeaderView.xib */; };
		37E6E42727C87E1800F5BFD2 /* ButtonExtension.swift in Sources */ = {isa = PBXBuildFile; fileRef = 37E6E42627C87E1800F5BFD2 /* ButtonExtension.swift */; };
		37E6E42927C8864600F5BFD2 /* AddProductViewController.swift in Sources */ = {isa = PBXBuildFile; fileRef = 37E6E42827C8864500F5BFD2 /* AddProductViewController.swift */; };
		37FB86B927C79000005A64AC /* AppDelegate.swift in Sources */ = {isa = PBXBuildFile; fileRef = 37FB86B827C79000005A64AC /* AppDelegate.swift */; };
		37FB86BB27C79000005A64AC /* SceneDelegate.swift in Sources */ = {isa = PBXBuildFile; fileRef = 37FB86BA27C79000005A64AC /* SceneDelegate.swift */; };
		37FB86C027C79000005A64AC /* Main.storyboard in Resources */ = {isa = PBXBuildFile; fileRef = 37FB86BE27C79000005A64AC /* Main.storyboard */; };
		37FB86C227C79001005A64AC /* Assets.xcassets in Resources */ = {isa = PBXBuildFile; fileRef = 37FB86C127C79001005A64AC /* Assets.xcassets */; };
		37FB86C527C79001005A64AC /* LaunchScreen.storyboard in Resources */ = {isa = PBXBuildFile; fileRef = 37FB86C327C79001005A64AC /* LaunchScreen.storyboard */; };
		37FCA8D227C794E700C37F1A /* Product.swift in Sources */ = {isa = PBXBuildFile; fileRef = 37FCA8D127C794E700C37F1A /* Product.swift */; };
		37FCA8D727C7959D00C37F1A /* ProductRequest.swift in Sources */ = {isa = PBXBuildFile; fileRef = 37FCA8D627C7959D00C37F1A /* ProductRequest.swift */; };
		37FCA8D927C795ED00C37F1A /* NetworkService.swift in Sources */ = {isa = PBXBuildFile; fileRef = 37FCA8D827C795ED00C37F1A /* NetworkService.swift */; };
		37FCA8DC27C796E800C37F1A /* Constants.swift in Sources */ = {isa = PBXBuildFile; fileRef = 37FCA8DB27C796E800C37F1A /* Constants.swift */; };
		37FCA8DF27C798DD00C37F1A /* ProductViewModel.swift in Sources */ = {isa = PBXBuildFile; fileRef = 37FCA8DE27C798DD00C37F1A /* ProductViewModel.swift */; };
		37FCA8E227C79FDC00C37F1A /* ProductTableViewCell.swift in Sources */ = {isa = PBXBuildFile; fileRef = 37FCA8E127C79FDC00C37F1A /* ProductTableViewCell.swift */; };
		37FCA8E427C7A02000C37F1A /* ProductTableViewCell.xib in Resources */ = {isa = PBXBuildFile; fileRef = 37FCA8E327C7A02000C37F1A /* ProductTableViewCell.xib */; };
		37FCA8E627C7C61F00C37F1A /* UserRequest.swift in Sources */ = {isa = PBXBuildFile; fileRef = 37FCA8E527C7C61F00C37F1A /* UserRequest.swift */; };
		37FCA8E827C7C76C00C37F1A /* User.swift in Sources */ = {isa = PBXBuildFile; fileRef = 37FCA8E727C7C76C00C37F1A /* User.swift */; };
		37FCA8EA27C7C7C200C37F1A /* LoginViewModel.swift in Sources */ = {isa = PBXBuildFile; fileRef = 37FCA8E927C7C7C200C37F1A /* LoginViewModel.swift */; };
		37FCA8EC27C7C82500C37F1A /* BaseViewModel.swift in Sources */ = {isa = PBXBuildFile; fileRef = 37FCA8EB27C7C82500C37F1A /* BaseViewModel.swift */; };
		37FCA8F027C7CF0F00C37F1A /* LoginViewController.swift in Sources */ = {isa = PBXBuildFile; fileRef = 37FCA8EF27C7CF0F00C37F1A /* LoginViewController.swift */; };
		37FCA8F227C7CFF800C37F1A /* ViewControllerExtension.swift in Sources */ = {isa = PBXBuildFile; fileRef = 37FCA8F127C7CFF800C37F1A /* ViewControllerExtension.swift */; };
/* End PBXBuildFile section */

/* Begin PBXFileReference section */
		293562E3A28FAA09DD3FBC62 /* Pods-Klikdokter.release.xcconfig */ = {isa = PBXFileReference; includeInIndex = 1; lastKnownFileType = text.xcconfig; name = "Pods-Klikdokter.release.xcconfig"; path = "Target Support Files/Pods-Klikdokter/Pods-Klikdokter.release.xcconfig"; sourceTree = "<group>"; };
		370EAAF927C7D38A0030D24D /* ProductViewController.swift */ = {isa = PBXFileReference; lastKnownFileType = sourcecode.swift; path = ProductViewController.swift; sourceTree = "<group>"; };
		37E6E42127C8766800F5BFD2 /* ProductHeaderView.swift */ = {isa = PBXFileReference; lastKnownFileType = sourcecode.swift; path = ProductHeaderView.swift; sourceTree = "<group>"; };
		37E6E42327C8767700F5BFD2 /* ProductHeaderView.xib */ = {isa = PBXFileReference; lastKnownFileType = file.xib; path = ProductHeaderView.xib; sourceTree = "<group>"; };
		37E6E42627C87E1800F5BFD2 /* ButtonExtension.swift */ = {isa = PBXFileReference; lastKnownFileType = sourcecode.swift; path = ButtonExtension.swift; sourceTree = "<group>"; };
		37E6E42827C8864500F5BFD2 /* AddProductViewController.swift */ = {isa = PBXFileReference; lastKnownFileType = sourcecode.swift; path = AddProductViewController.swift; sourceTree = "<group>"; };
		37FB86B527C79000005A64AC /* Klikdokter.app */ = {isa = PBXFileReference; explicitFileType = wrapper.application; includeInIndex = 0; path = Klikdokter.app; sourceTree = BUILT_PRODUCTS_DIR; };
		37FB86B827C79000005A64AC /* AppDelegate.swift */ = {isa = PBXFileReference; lastKnownFileType = sourcecode.swift; path = AppDelegate.swift; sourceTree = "<group>"; };
		37FB86BA27C79000005A64AC /* SceneDelegate.swift */ = {isa = PBXFileReference; lastKnownFileType = sourcecode.swift; path = SceneDelegate.swift; sourceTree = "<group>"; };
		37FB86BF27C79000005A64AC /* Base */ = {isa = PBXFileReference; lastKnownFileType = file.storyboard; name = Base; path = Base.lproj/Main.storyboard; sourceTree = "<group>"; };
		37FB86C127C79001005A64AC /* Assets.xcassets */ = {isa = PBXFileReference; lastKnownFileType = folder.assetcatalog; path = Assets.xcassets; sourceTree = "<group>"; };
		37FB86C427C79001005A64AC /* Base */ = {isa = PBXFileReference; lastKnownFileType = file.storyboard; name = Base; path = Base.lproj/LaunchScreen.storyboard; sourceTree = "<group>"; };
		37FB86C627C79002005A64AC /* Info.plist */ = {isa = PBXFileReference; lastKnownFileType = text.plist.xml; path = Info.plist; sourceTree = "<group>"; };
		37FCA8D127C794E700C37F1A /* Product.swift */ = {isa = PBXFileReference; lastKnownFileType = sourcecode.swift; path = Product.swift; sourceTree = "<group>"; };
		37FCA8D627C7959D00C37F1A /* ProductRequest.swift */ = {isa = PBXFileReference; lastKnownFileType = sourcecode.swift; path = ProductRequest.swift; sourceTree = "<group>"; };
		37FCA8D827C795ED00C37F1A /* NetworkService.swift */ = {isa = PBXFileReference; lastKnownFileType = sourcecode.swift; path = NetworkService.swift; sourceTree = "<group>"; };
		37FCA8DB27C796E800C37F1A /* Constants.swift */ = {isa = PBXFileReference; lastKnownFileType = sourcecode.swift; path = Constants.swift; sourceTree = "<group>"; };
		37FCA8DE27C798DD00C37F1A /* ProductViewModel.swift */ = {isa = PBXFileReference; lastKnownFileType = sourcecode.swift; path = ProductViewModel.swift; sourceTree = "<group>"; };
		37FCA8E127C79FDC00C37F1A /* ProductTableViewCell.swift */ = {isa = PBXFileReference; lastKnownFileType = sourcecode.swift; path = ProductTableViewCell.swift; sourceTree = "<group>"; };
		37FCA8E327C7A02000C37F1A /* ProductTableViewCell.xib */ = {isa = PBXFileReference; lastKnownFileType = file.xib; path = ProductTableViewCell.xib; sourceTree = "<group>"; };
		37FCA8E527C7C61F00C37F1A /* UserRequest.swift */ = {isa = PBXFileReference; lastKnownFileType = sourcecode.swift; path = UserRequest.swift; sourceTree = "<group>"; };
		37FCA8E727C7C76C00C37F1A /* User.swift */ = {isa = PBXFileReference; lastKnownFileType = sourcecode.swift; path = User.swift; sourceTree = "<group>"; };
		37FCA8E927C7C7C200C37F1A /* LoginViewModel.swift */ = {isa = PBXFileReference; lastKnownFileType = sourcecode.swift; path = LoginViewModel.swift; sourceTree = "<group>"; };
		37FCA8EB27C7C82500C37F1A /* BaseViewModel.swift */ = {isa = PBXFileReference; lastKnownFileType = sourcecode.swift; path = BaseViewModel.swift; sourceTree = "<group>"; };
		37FCA8EF27C7CF0F00C37F1A /* LoginViewController.swift */ = {isa = PBXFileReference; lastKnownFileType = sourcecode.swift; path = LoginViewController.swift; sourceTree = "<group>"; };
		37FCA8F127C7CFF800C37F1A /* ViewControllerExtension.swift */ = {isa = PBXFileReference; lastKnownFileType = sourcecode.swift; path = ViewControllerExtension.swift; sourceTree = "<group>"; };
		A7259B6ED92D6DD5F6744B10 /* Pods-Klikdokter.debug.xcconfig */ = {isa = PBXFileReference; includeInIndex = 1; lastKnownFileType = text.xcconfig; name = "Pods-Klikdokter.debug.xcconfig"; path = "Target Support Files/Pods-Klikdokter/Pods-Klikdokter.debug.xcconfig"; sourceTree = "<group>"; };
		DC6CC9B0A222687B631D2CF0 /* Pods_Klikdokter.framework */ = {isa = PBXFileReference; explicitFileType = wrapper.framework; includeInIndex = 0; path = Pods_Klikdokter.framework; sourceTree = BUILT_PRODUCTS_DIR; };
/* End PBXFileReference section */

/* Begin PBXFrameworksBuildPhase section */
		37FB86B227C79000005A64AC /* Frameworks */ = {
			isa = PBXFrameworksBuildPhase;
			buildActionMask = 2147483647;
			files = (
				0F2F17FC7E64BAEFAC6FA301 /* Pods_Klikdokter.framework in Frameworks */,
			);
			runOnlyForDeploymentPostprocessing = 0;
		};
/* End PBXFrameworksBuildPhase section */

/* Begin PBXGroup section */
		34112D2A3DAD089EA6DD1D5B /* Frameworks */ = {
			isa = PBXGroup;
			children = (
				DC6CC9B0A222687B631D2CF0 /* Pods_Klikdokter.framework */,
			);
			name = Frameworks;
			sourceTree = "<group>";
		};
		37E6E42527C87E0900F5BFD2 /* Extensions */ = {
			isa = PBXGroup;
			children = (
				37E6E42627C87E1800F5BFD2 /* ButtonExtension.swift */,
			);
			path = Extensions;
			sourceTree = "<group>";
		};
		37FB86AC27C79000005A64AC = {
			isa = PBXGroup;
			children = (
				37FB86B727C79000005A64AC /* Klikdokter */,
				37FB86B627C79000005A64AC /* Products */,
				A8AAF3AA9CB79F383A40FDE9 /* Pods */,
				34112D2A3DAD089EA6DD1D5B /* Frameworks */,
			);
			sourceTree = "<group>";
		};
		37FB86B627C79000005A64AC /* Products */ = {
			isa = PBXGroup;
			children = (
				37FB86B527C79000005A64AC /* Klikdokter.app */,
			);
			name = Products;
			sourceTree = "<group>";
		};
		37FB86B727C79000005A64AC /* Klikdokter */ = {
			isa = PBXGroup;
			children = (
				37E6E42527C87E0900F5BFD2 /* Extensions */,
				37FCA8EE27C7CA8E00C37F1A /* Storyboard */,
				37FCA8ED27C7CA8300C37F1A /* ViewController */,
				37FCA8E027C79FCA00C37F1A /* Cell */,
				37FCA8DD27C798C500C37F1A /* ViewModel */,
				37FCA8DA27C796D500C37F1A /* Utils */,
				37FCA8D327C7956900C37F1A /* Service */,
				37FCA8D027C794AA00C37F1A /* Model */,
				37FB86B827C79000005A64AC /* AppDelegate.swift */,
				37FB86BA27C79000005A64AC /* SceneDelegate.swift */,
				37FB86C127C79001005A64AC /* Assets.xcassets */,
				37FB86C627C79002005A64AC /* Info.plist */,
			);
			path = Klikdokter;
			sourceTree = "<group>";
		};
		37FCA8D027C794AA00C37F1A /* Model */ = {
			isa = PBXGroup;
			children = (
				37FCA8D127C794E700C37F1A /* Product.swift */,
				37FCA8E727C7C76C00C37F1A /* User.swift */,
			);
			path = Model;
			sourceTree = "<group>";
		};
		37FCA8D327C7956900C37F1A /* Service */ = {
			isa = PBXGroup;
			children = (
				37FCA8D627C7959D00C37F1A /* ProductRequest.swift */,
				37FCA8D827C795ED00C37F1A /* NetworkService.swift */,
				37FCA8E527C7C61F00C37F1A /* UserRequest.swift */,
			);
			path = Service;
			sourceTree = "<group>";
		};
		37FCA8DA27C796D500C37F1A /* Utils */ = {
			isa = PBXGroup;
			children = (
				37FCA8DB27C796E800C37F1A /* Constants.swift */,
			);
			path = Utils;
			sourceTree = "<group>";
		};
		37FCA8DD27C798C500C37F1A /* ViewModel */ = {
			isa = PBXGroup;
			children = (
				37FCA8DE27C798DD00C37F1A /* ProductViewModel.swift */,
				37FCA8E927C7C7C200C37F1A /* LoginViewModel.swift */,
				37FCA8EB27C7C82500C37F1A /* BaseViewModel.swift */,
			);
			path = ViewModel;
			sourceTree = "<group>";
		};
		37FCA8E027C79FCA00C37F1A /* Cell */ = {
			isa = PBXGroup;
			children = (
				37FCA8E127C79FDC00C37F1A /* ProductTableViewCell.swift */,
				37FCA8E327C7A02000C37F1A /* ProductTableViewCell.xib */,
				37E6E42127C8766800F5BFD2 /* ProductHeaderView.swift */,
				37E6E42327C8767700F5BFD2 /* ProductHeaderView.xib */,
			);
			path = Cell;
			sourceTree = "<group>";
		};
		37FCA8ED27C7CA8300C37F1A /* ViewController */ = {
			isa = PBXGroup;
			children = (
				37FCA8EF27C7CF0F00C37F1A /* LoginViewController.swift */,
				37FCA8F127C7CFF800C37F1A /* ViewControllerExtension.swift */,
				370EAAF927C7D38A0030D24D /* ProductViewController.swift */,
				37E6E42827C8864500F5BFD2 /* AddProductViewController.swift */,
			);
			path = ViewController;
			sourceTree = "<group>";
		};
		37FCA8EE27C7CA8E00C37F1A /* Storyboard */ = {
			isa = PBXGroup;
			children = (
				37FB86BE27C79000005A64AC /* Main.storyboard */,
				37FB86C327C79001005A64AC /* LaunchScreen.storyboard */,
			);
			path = Storyboard;
			sourceTree = "<group>";
		};
		A8AAF3AA9CB79F383A40FDE9 /* Pods */ = {
			isa = PBXGroup;
			children = (
				A7259B6ED92D6DD5F6744B10 /* Pods-Klikdokter.debug.xcconfig */,
				293562E3A28FAA09DD3FBC62 /* Pods-Klikdokter.release.xcconfig */,
			);
			path = Pods;
			sourceTree = "<group>";
		};
/* End PBXGroup section */

/* Begin PBXNativeTarget section */
		37FB86B427C79000005A64AC /* Klikdokter */ = {
			isa = PBXNativeTarget;
			buildConfigurationList = 37FB86C927C79002005A64AC /* Build configuration list for PBXNativeTarget "Klikdokter" */;
			buildPhases = (
				5D5E2EFE2BBABD6C600BAE80 /* [CP] Check Pods Manifest.lock */,
				37FB86B127C79000005A64AC /* Sources */,
				37FB86B227C79000005A64AC /* Frameworks */,
				37FB86B327C79000005A64AC /* Resources */,
				72ABD539506C134616F80746 /* [CP] Embed Pods Frameworks */,
			);
			buildRules = (
			);
			dependencies = (
			);
			name = Klikdokter;
			productName = Klikdokter;
			productReference = 37FB86B527C79000005A64AC /* Klikdokter.app */;
			productType = "com.apple.product-type.application";
		};
/* End PBXNativeTarget section */

/* Begin PBXProject section */
		37FB86AD27C79000005A64AC /* Project object */ = {
			isa = PBXProject;
			attributes = {
				LastSwiftUpdateCheck = 1250;
				LastUpgradeCheck = 1250;
				TargetAttributes = {
					37FB86B427C79000005A64AC = {
						CreatedOnToolsVersion = 12.5;
					};
				};
			};
			buildConfigurationList = 37FB86B027C79000005A64AC /* Build configuration list for PBXProject "Klikdokter" */;
			compatibilityVersion = "Xcode 9.3";
			developmentRegion = en;
			hasScannedForEncodings = 0;
			knownRegions = (
				en,
				Base,
			);
			mainGroup = 37FB86AC27C79000005A64AC;
			productRefGroup = 37FB86B627C79000005A64AC /* Products */;
			projectDirPath = "";
			projectRoot = "";
			targets = (
				37FB86B427C79000005A64AC /* Klikdokter */,
			);
		};
/* End PBXProject section */

/* Begin PBXResourcesBuildPhase section */
		37FB86B327C79000005A64AC /* Resources */ = {
			isa = PBXResourcesBuildPhase;
			buildActionMask = 2147483647;
			files = (
				37FB86C527C79001005A64AC /* LaunchScreen.storyboard in Resources */,
				37FCA8E427C7A02000C37F1A /* ProductTableViewCell.xib in Resources */,
				37E6E42427C8767700F5BFD2 /* ProductHeaderView.xib in Resources */,
				37FB86C227C79001005A64AC /* Assets.xcassets in Resources */,
				37FB86C027C79000005A64AC /* Main.storyboard in Resources */,
			);
			runOnlyForDeploymentPostprocessing = 0;
		};
/* End PBXResourcesBuildPhase section */

/* Begin PBXShellScriptBuildPhase section */
		5D5E2EFE2BBABD6C600BAE80 /* [CP] Check Pods Manifest.lock */ = {
			isa = PBXShellScriptBuildPhase;
			buildActionMask = 2147483647;
			files = (
			);
			inputFileListPaths = (
			);
			inputPaths = (
				"${PODS_PODFILE_DIR_PATH}/Podfile.lock",
				"${PODS_ROOT}/Manifest.lock",
			);
			name = "[CP] Check Pods Manifest.lock";
			outputFileListPaths = (
			);
			outputPaths = (
				"$(DERIVED_FILE_DIR)/Pods-Klikdokter-checkManifestLockResult.txt",
			);
			runOnlyForDeploymentPostprocessing = 0;
			shellPath = /bin/sh;
			shellScript = "diff \"${PODS_PODFILE_DIR_PATH}/Podfile.lock\" \"${PODS_ROOT}/Manifest.lock\" > /dev/null\nif [ $? != 0 ] ; then\n    # print error to STDERR\n    echo \"error: The sandbox is not in sync with the Podfile.lock. Run 'pod install' or update your CocoaPods installation.\" >&2\n    exit 1\nfi\n# This output is used by Xcode 'outputs' to avoid re-running this script phase.\necho \"SUCCESS\" > \"${SCRIPT_OUTPUT_FILE_0}\"\n";
			showEnvVarsInLog = 0;
		};
		72ABD539506C134616F80746 /* [CP] Embed Pods Frameworks */ = {
			isa = PBXShellScriptBuildPhase;
			buildActionMask = 2147483647;
			files = (
			);
			inputFileListPaths = (
				"${PODS_ROOT}/Target Support Files/Pods-Klikdokter/Pods-Klikdokter-frameworks-${CONFIGURATION}-input-files.xcfilelist",
			);
			name = "[CP] Embed Pods Frameworks";
			outputFileListPaths = (
				"${PODS_ROOT}/Target Support Files/Pods-Klikdokter/Pods-Klikdokter-frameworks-${CONFIGURATION}-output-files.xcfilelist",
			);
			runOnlyForDeploymentPostprocessing = 0;
			shellPath = /bin/sh;
			shellScript = "\"${PODS_ROOT}/Target Support Files/Pods-Klikdokter/Pods-Klikdokter-frameworks.sh\"\n";
			showEnvVarsInLog = 0;
		};
/* End PBXShellScriptBuildPhase section */

/* Begin PBXSourcesBuildPhase section */
		37FB86B127C79000005A64AC /* Sources */ = {
			isa = PBXSourcesBuildPhase;
			buildActionMask = 2147483647;
			files = (
				37FCA8F027C7CF0F00C37F1A /* LoginViewController.swift in Sources */,
				37FCA8D227C794E700C37F1A /* Product.swift in Sources */,
				37FCA8E227C79FDC00C37F1A /* ProductTableViewCell.swift in Sources */,
				37FCA8D727C7959D00C37F1A /* ProductRequest.swift in Sources */,
				37FB86B927C79000005A64AC /* AppDelegate.swift in Sources */,
				370EAAFA27C7D38A0030D24D /* ProductViewController.swift in Sources */,
				37FCA8DC27C796E800C37F1A /* Constants.swift in Sources */,
				37E6E42227C8766800F5BFD2 /* ProductHeaderView.swift in Sources */,
				37E6E42927C8864600F5BFD2 /* AddProductViewController.swift in Sources */,
				37FCA8D927C795ED00C37F1A /* NetworkService.swift in Sources */,
				37FCA8F227C7CFF800C37F1A /* ViewControllerExtension.swift in Sources */,
				37FCA8EC27C7C82500C37F1A /* BaseViewModel.swift in Sources */,
				37FCA8DF27C798DD00C37F1A /* ProductViewModel.swift in Sources */,
				37FCA8EA27C7C7C200C37F1A /* LoginViewModel.swift in Sources */,
				37FCA8E627C7C61F00C37F1A /* UserRequest.swift in Sources */,
				37FB86BB27C79000005A64AC /* SceneDelegate.swift in Sources */,
				37E6E42727C87E1800F5BFD2 /* ButtonExtension.swift in Sources */,
				37FCA8E827C7C76C00C37F1A /* User.swift in Sources */,
			);
			runOnlyForDeploymentPostprocessing = 0;
		};
/* End PBXSourcesBuildPhase section */

/* Begin PBXVariantGroup section */
		37FB86BE27C79000005A64AC /* Main.storyboard */ = {
			isa = PBXVariantGroup;
			children = (
				37FB86BF27C79000005A64AC /* Base */,
			);
			name = Main.storyboard;
			sourceTree = "<group>";
		};
		37FB86C327C79001005A64AC /* LaunchScreen.storyboard */ = {
			isa = PBXVariantGroup;
			children = (
				37FB86C427C79001005A64AC /* Base */,
			);
			name = LaunchScreen.storyboard;
			sourceTree = "<group>";
		};
/* End PBXVariantGroup section */

/* Begin XCBuildConfiguration section */
		37FB86C727C79002005A64AC /* Debug */ = {
			isa = XCBuildConfiguration;
			buildSettings = {
				ALWAYS_SEARCH_USER_PATHS = NO;
				CLANG_ANALYZER_NONNULL = YES;
				CLANG_ANALYZER_NUMBER_OBJECT_CONVERSION = YES_AGGRESSIVE;
				CLANG_CXX_LANGUAGE_STANDARD = "gnu++14";
				CLANG_CXX_LIBRARY = "libc++";
				CLANG_ENABLE_MODULES = YES;
				CLANG_ENABLE_OBJC_ARC = YES;
				CLANG_ENABLE_OBJC_WEAK = YES;
				CLANG_WARN_BLOCK_CAPTURE_AUTORELEASING = YES;
				CLANG_WARN_BOOL_CONVERSION = YES;
				CLANG_WARN_COMMA = YES;
				CLANG_WARN_CONSTANT_CONVERSION = YES;
				CLANG_WARN_DEPRECATED_OBJC_IMPLEMENTATIONS = YES;
				CLANG_WARN_DIRECT_OBJC_ISA_USAGE = YES_ERROR;
				CLANG_WARN_DOCUMENTATION_COMMENTS = YES;
				CLANG_WARN_EMPTY_BODY = YES;
				CLANG_WARN_ENUM_CONVERSION = YES;
				CLANG_WARN_INFINITE_RECURSION = YES;
				CLANG_WARN_INT_CONVERSION = YES;
				CLANG_WARN_NON_LITERAL_NULL_CONVERSION = YES;
				CLANG_WARN_OBJC_IMPLICIT_RETAIN_SELF = YES;
				CLANG_WARN_OBJC_LITERAL_CONVERSION = YES;
				CLANG_WARN_OBJC_ROOT_CLASS = YES_ERROR;
				CLANG_WARN_QUOTED_INCLUDE_IN_FRAMEWORK_HEADER = YES;
				CLANG_WARN_RANGE_LOOP_ANALYSIS = YES;
				CLANG_WARN_STRICT_PROTOTYPES = YES;
				CLANG_WARN_SUSPICIOUS_MOVE = YES;
				CLANG_WARN_UNGUARDED_AVAILABILITY = YES_AGGRESSIVE;
				CLANG_WARN_UNREACHABLE_CODE = YES;
				CLANG_WARN__DUPLICATE_METHOD_MATCH = YES;
				COPY_PHASE_STRIP = NO;
				DEBUG_INFORMATION_FORMAT = dwarf;
				ENABLE_STRICT_OBJC_MSGSEND = YES;
				ENABLE_TESTABILITY = YES;
				GCC_C_LANGUAGE_STANDARD = gnu11;
				GCC_DYNAMIC_NO_PIC = NO;
				GCC_NO_COMMON_BLOCKS = YES;
				GCC_OPTIMIZATION_LEVEL = 0;
				GCC_PREPROCESSOR_DEFINITIONS = (
					"DEBUG=1",
					"$(inherited)",
				);
				GCC_WARN_64_TO_32_BIT_CONVERSION = YES;
				GCC_WARN_ABOUT_RETURN_TYPE = YES_ERROR;
				GCC_WARN_UNDECLARED_SELECTOR = YES;
				GCC_WARN_UNINITIALIZED_AUTOS = YES_AGGRESSIVE;
				GCC_WARN_UNUSED_FUNCTION = YES;
				GCC_WARN_UNUSED_VARIABLE = YES;
				IPHONEOS_DEPLOYMENT_TARGET = 14.5;
				MTL_ENABLE_DEBUG_INFO = INCLUDE_SOURCE;
				MTL_FAST_MATH = YES;
				ONLY_ACTIVE_ARCH = YES;
				SDKROOT = iphoneos;
				SWIFT_ACTIVE_COMPILATION_CONDITIONS = DEBUG;
				SWIFT_OPTIMIZATION_LEVEL = "-Onone";
			};
			name = Debug;
		};
		37FB86C827C79002005A64AC /* Release */ = {
			isa = XCBuildConfiguration;
			buildSettings = {
				ALWAYS_SEARCH_USER_PATHS = NO;
				CLANG_ANALYZER_NONNULL = YES;
				CLANG_ANALYZER_NUMBER_OBJECT_CONVERSION = YES_AGGRESSIVE;
				CLANG_CXX_LANGUAGE_STANDARD = "gnu++14";
				CLANG_CXX_LIBRARY = "libc++";
				CLANG_ENABLE_MODULES = YES;
				CLANG_ENABLE_OBJC_ARC = YES;
				CLANG_ENABLE_OBJC_WEAK = YES;
				CLANG_WARN_BLOCK_CAPTURE_AUTORELEASING = YES;
				CLANG_WARN_BOOL_CONVERSION = YES;
				CLANG_WARN_COMMA = YES;
				CLANG_WARN_CONSTANT_CONVERSION = YES;
				CLANG_WARN_DEPRECATED_OBJC_IMPLEMENTATIONS = YES;
				CLANG_WARN_DIRECT_OBJC_ISA_USAGE = YES_ERROR;
				CLANG_WARN_DOCUMENTATION_COMMENTS = YES;
				CLANG_WARN_EMPTY_BODY = YES;
				CLANG_WARN_ENUM_CONVERSION = YES;
				CLANG_WARN_INFINITE_RECURSION = YES;
				CLANG_WARN_INT_CONVERSION = YES;
				CLANG_WARN_NON_LITERAL_NULL_CONVERSION = YES;
				CLANG_WARN_OBJC_IMPLICIT_RETAIN_SELF = YES;
				CLANG_WARN_OBJC_LITERAL_CONVERSION = YES;
				CLANG_WARN_OBJC_ROOT_CLASS = YES_ERROR;
				CLANG_WARN_QUOTED_INCLUDE_IN_FRAMEWORK_HEADER = YES;
				CLANG_WARN_RANGE_LOOP_ANALYSIS = YES;
				CLANG_WARN_STRICT_PROTOTYPES = YES;
				CLANG_WARN_SUSPICIOUS_MOVE = YES;
				CLANG_WARN_UNGUARDED_AVAILABILITY = YES_AGGRESSIVE;
				CLANG_WARN_UNREACHABLE_CODE = YES;
				CLANG_WARN__DUPLICATE_METHOD_MATCH = YES;
				COPY_PHASE_STRIP = NO;
				DEBUG_INFORMATION_FORMAT = "dwarf-with-dsym";
				ENABLE_NS_ASSERTIONS = NO;
				ENABLE_STRICT_OBJC_MSGSEND = YES;
				GCC_C_LANGUAGE_STANDARD = gnu11;
				GCC_NO_COMMON_BLOCKS = YES;
				GCC_WARN_64_TO_32_BIT_CONVERSION = YES;
				GCC_WARN_ABOUT_RETURN_TYPE = YES_ERROR;
				GCC_WARN_UNDECLARED_SELECTOR = YES;
				GCC_WARN_UNINITIALIZED_AUTOS = YES_AGGRESSIVE;
				GCC_WARN_UNUSED_FUNCTION = YES;
				GCC_WARN_UNUSED_VARIABLE = YES;
				IPHONEOS_DEPLOYMENT_TARGET = 14.5;
				MTL_ENABLE_DEBUG_INFO = NO;
				MTL_FAST_MATH = YES;
				SDKROOT = iphoneos;
				SWIFT_COMPILATION_MODE = wholemodule;
				SWIFT_OPTIMIZATION_LEVEL = "-O";
				VALIDATE_PRODUCT = YES;
			};
			name = Release;
		};
		37FB86CA27C79002005A64AC /* Debug */ = {
			isa = XCBuildConfiguration;
			baseConfigurationReference = A7259B6ED92D6DD5F6744B10 /* Pods-Klikdokter.debug.xcconfig */;
			buildSettings = {
				ASSETCATALOG_COMPILER_APPICON_NAME = AppIcon;
				ASSETCATALOG_COMPILER_GLOBAL_ACCENT_COLOR_NAME = AccentColor;
				CODE_SIGN_STYLE = Automatic;
				DEVELOPMENT_TEAM = Z6PA7GBBD6;
				INFOPLIST_FILE = Klikdokter/Info.plist;
				LD_RUNPATH_SEARCH_PATHS = (
					"$(inherited)",
					"@executable_path/Frameworks",
				);
				PRODUCT_BUNDLE_IDENTIFIER = com.relia.klikdokter;
				PRODUCT_NAME = "$(TARGET_NAME)";
				SWIFT_VERSION = 5.0;
				TARGETED_DEVICE_FAMILY = "1,2";
			};
			name = Debug;
		};
		37FB86CB27C79002005A64AC /* Release */ = {
			isa = XCBuildConfiguration;
			baseConfigurationReference = 293562E3A28FAA09DD3FBC62 /* Pods-Klikdokter.release.xcconfig */;
			buildSettings = {
				ASSETCATALOG_COMPILER_APPICON_NAME = AppIcon;
				ASSETCATALOG_COMPILER_GLOBAL_ACCENT_COLOR_NAME = AccentColor;
				CODE_SIGN_STYLE = Automatic;
				DEVELOPMENT_TEAM = Z6PA7GBBD6;
				INFOPLIST_FILE = Klikdokter/Info.plist;
				LD_RUNPATH_SEARCH_PATHS = (
					"$(inherited)",
					"@executable_path/Frameworks",
				);
				PRODUCT_BUNDLE_IDENTIFIER = com.relia.klikdokter;
				PRODUCT_NAME = "$(TARGET_NAME)";
				SWIFT_VERSION = 5.0;
				TARGETED_DEVICE_FAMILY = "1,2";
			};
			name = Release;
		};
/* End XCBuildConfiguration section */

/* Begin XCConfigurationList section */
		37FB86B027C79000005A64AC /* Build configuration list for PBXProject "Klikdokter" */ = {
			isa = XCConfigurationList;
			buildConfigurations = (
				37FB86C727C79002005A64AC /* Debug */,
				37FB86C827C79002005A64AC /* Release */,
			);
			defaultConfigurationIsVisible = 0;
			defaultConfigurationName = Release;
		};
		37FB86C927C79002005A64AC /* Build configuration list for PBXNativeTarget "Klikdokter" */ = {
			isa = XCConfigurationList;
			buildConfigurations = (
				37FB86CA27C79002005A64AC /* Debug */,
				37FB86CB27C79002005A64AC /* Release */,
			);
			defaultConfigurationIsVisible = 0;
			defaultConfigurationName = Release;
		};
/* End XCConfigurationList section */
	};
	rootObject = 37FB86AD27C79000005A64AC /* Project object */;
}
